
Microsoft Visual Studio Solution File, Format Version 12.00
# Visual Studio Version 17
VisualStudioVersion = 17.4.33205.214
MinimumVisualStudioVersion = 10.0.40219.1
Project("{9A19103F-16F7-4668-BE54-9A1E7A4F7556}") = "ClimbTracker", "ClimbTracker\ClimbTracker.csproj", "{95571506-E276-49B7-9BF7-8F44FD571F7C}"
EndProject
Project("{9A19103F-16F7-4668-BE54-9A1E7A4F7556}") = "TrackerApi", "TrackerApi\TrackerApi.csproj", "{3DBE2556-A2FE-4932-ADC9-7BB956040152}"
EndProject
Project("{00D1A9C2-B5F0-4AF3-8072-F6C62B433612}") = "TrackerDB", "TrackerDB\TrackerDB.sqlproj", "{785B616C-BB37-4C76-8EF5-1E20AA865EBC}"
EndProject
Global
	GlobalSection(SolutionConfigurationPlatforms) = preSolution
		Debug|Any CPU = Debug|Any CPU
		Release|Any CPU = Release|Any CPU
	EndGlobalSection
	GlobalSection(ProjectConfigurationPlatforms) = postSolution
		{95571506-E276-49B7-9BF7-8F44FD571F7C}.Debug|Any CPU.ActiveCfg = Debug|Any CPU
		{95571506-E276-49B7-9BF7-8F44FD571F7C}.Debug|Any CPU.Build.0 = Debug|Any CPU
		{95571506-E276-49B7-9BF7-8F44FD571F7C}.Release|Any CPU.ActiveCfg = Release|Any CPU
		{95571506-E276-49B7-9BF7-8F44FD571F7C}.Release|Any CPU.Build.0 = Release|Any CPU
		{3DBE2556-A2FE-4932-ADC9-7BB956040152}.Debug|Any CPU.ActiveCfg = Debug|Any CPU
		{3DBE2556-A2FE-4932-ADC9-7BB956040152}.Debug|Any CPU.Build.0 = Debug|Any CPU
		{3DBE2556-A2FE-4932-ADC9-7BB956040152}.Release|Any CPU.ActiveCfg = Release|Any CPU
		{3DBE2556-A2FE-4932-ADC9-7BB956040152}.Release|Any CPU.Build.0 = Release|Any CPU
		{785B616C-BB37-4C76-8EF5-1E20AA865EBC}.Debug|Any CPU.ActiveCfg = Debug|Any CPU
		{785B616C-BB37-4C76-8EF5-1E20AA865EBC}.Debug|Any CPU.Build.0 = Debug|Any CPU
		{785B616C-BB37-4C76-8EF5-1E20AA865EBC}.Debug|Any CPU.Deploy.0 = Debug|Any CPU
		{785B616C-BB37-4C76-8EF5-1E20AA865EBC}.Release|Any CPU.ActiveCfg = Release|Any CPU
		{785B616C-BB37-4C76-8EF5-1E20AA865EBC}.Release|Any CPU.Build.0 = Release|Any CPU
		{785B616C-BB37-4C76-8EF5-1E20AA865EBC}.Release|Any CPU.Deploy.0 = Release|Any CPU
	EndGlobalSection
	GlobalSection(SolutionProperties) = preSolution
		HideSolutionNode = FALSE
	EndGlobalSection
	GlobalSection(ExtensibilityGlobals) = postSolution
		SolutionGuid = {F4ABD203-27A0-45DF-B154-470F41AF05DE}
	EndGlobalSection
EndGlobal
